// !$*UTF8*$!
{
	archiveVersion = 1;
	classes = {
	};
	objectVersion = 56;
	objects = {

/* Begin PBXBuildFile section */
		0F4D49AC2BC657550063EB5C /* AppDelegate.swift in Sources */ = {isa = PBXBuildFile; fileRef = 0F4D49AB2BC657550063EB5C /* AppDelegate.swift */; };
		0F4D49AE2BC657550063EB5C /* SceneDelegate.swift in Sources */ = {isa = PBXBuildFile; fileRef = 0F4D49AD2BC657550063EB5C /* SceneDelegate.swift */; };
		0F4D49B02BC657550063EB5C /* ViewController.swift in Sources */ = {isa = PBXBuildFile; fileRef = 0F4D49AF2BC657550063EB5C /* ViewController.swift */; };
		0F4D49B32BC657550063EB5C /* Main.storyboard in Resources */ = {isa = PBXBuildFile; fileRef = 0F4D49B12BC657550063EB5C /* Main.storyboard */; };
		0F4D49B52BC657570063EB5C /* Assets.xcassets in Resources */ = {isa = PBXBuildFile; fileRef = 0F4D49B42BC657570063EB5C /* Assets.xcassets */; };
		0F4D49B82BC657570063EB5C /* LaunchScreen.storyboard in Resources */ = {isa = PBXBuildFile; fileRef = 0F4D49B62BC657570063EB5C /* LaunchScreen.storyboard */; };
		0F4D49C32BC657580063EB5C /* UnitTestTests.swift in Sources */ = {isa = PBXBuildFile; fileRef = 0F4D49C22BC657580063EB5C /* UnitTestTests.swift */; };
		0F4D49CD2BC657580063EB5C /* UnitTestUITests.swift in Sources */ = {isa = PBXBuildFile; fileRef = 0F4D49CC2BC657580063EB5C /* UnitTestUITests.swift */; };
		0F4D49CF2BC657580063EB5C /* UnitTestUITestsLaunchTests.swift in Sources */ = {isa = PBXBuildFile; fileRef = 0F4D49CE2BC657580063EB5C /* UnitTestUITestsLaunchTests.swift */; };
		0F4D49DC2BC657A70063EB5C /* MathStuff.swift in Sources */ = {isa = PBXBuildFile; fileRef = 0F4D49DB2BC657A70063EB5C /* MathStuff.swift */; };
/* End PBXBuildFile section */

/* Begin PBXContainerItemProxy section */
		0F4D49BF2BC657580063EB5C /* PBXContainerItemProxy */ = {
			isa = PBXContainerItemProxy;
			containerPortal = 0F4D49A02BC657550063EB5C /* Project object */;
			proxyType = 1;
			remoteGlobalIDString = 0F4D49A72BC657550063EB5C;
			remoteInfo = UnitTest;
		};
		0F4D49C92BC657580063EB5C /* PBXContainerItemProxy */ = {
			isa = PBXContainerItemProxy;
			containerPortal = 0F4D49A02BC657550063EB5C /* Project object */;
			proxyType = 1;
			remoteGlobalIDString = 0F4D49A72BC657550063EB5C;
			remoteInfo = UnitTest;
		};
/* End PBXContainerItemProxy section */

/* Begin PBXFileReference section */
		0F4D49A82BC657550063EB5C /* UnitTest.app */ = {isa = PBXFileReference; explicitFileType = wrapper.application; includeInIndex = 0; path = UnitTest.app; sourceTree = BUILT_PRODUCTS_DIR; };
		0F4D49AB2BC657550063EB5C /* AppDelegate.swift */ = {isa = PBXFileReference; lastKnownFileType = sourcecode.swift; path = AppDelegate.swift; sourceTree = "<group>"; };
		0F4D49AD2BC657550063EB5C /* SceneDelegate.swift */ = {isa = PBXFileReference; lastKnownFileType = sourcecode.swift; path = SceneDelegate.swift; sourceTree = "<group>"; };
		0F4D49AF2BC657550063EB5C /* ViewController.swift */ = {isa = PBXFileReference; lastKnownFileType = sourcecode.swift; path = ViewController.swift; sourceTree = "<group>"; };
		0F4D49B22BC657550063EB5C /* Base */ = {isa = PBXFileReference; lastKnownFileType = file.storyboard; name = Base; path = Base.lproj/Main.storyboard; sourceTree = "<group>"; };
		0F4D49B42BC657570063EB5C /* Assets.xcassets */ = {isa = PBXFileReference; lastKnownFileType = folder.assetcatalog; path = Assets.xcassets; sourceTree = "<group>"; };
		0F4D49B72BC657570063EB5C /* Base */ = {isa = PBXFileReference; lastKnownFileType = file.storyboard; name = Base; path = Base.lproj/LaunchScreen.storyboard; sourceTree = "<group>"; };
		0F4D49B92BC657570063EB5C /* Info.plist */ = {isa = PBXFileReference; lastKnownFileType = text.plist.xml; path = Info.plist; sourceTree = "<group>"; };
		0F4D49BE2BC657580063EB5C /* UnitTestTests.xctest */ = {isa = PBXFileReference; explicitFileType = wrapper.cfbundle; includeInIndex = 0; path = UnitTestTests.xctest; sourceTree = BUILT_PRODUCTS_DIR; };
		0F4D49C22BC657580063EB5C /* UnitTestTests.swift */ = {isa = PBXFileReference; lastKnownFileType = sourcecode.swift; path = UnitTestTests.swift; sourceTree = "<group>"; };
		0F4D49C82BC657580063EB5C /* UnitTestUITests.xctest */ = {isa = PBXFileReference; explicitFileType = wrapper.cfbundle; includeInIndex = 0; path = UnitTestUITests.xctest; sourceTree = BUILT_PRODUCTS_DIR; };
		0F4D49CC2BC657580063EB5C /* UnitTestUITests.swift */ = {isa = PBXFileReference; lastKnownFileType = sourcecode.swift; path = UnitTestUITests.swift; sourceTree = "<group>"; };
		0F4D49CE2BC657580063EB5C /* UnitTestUITestsLaunchTests.swift */ = {isa = PBXFileReference; lastKnownFileType = sourcecode.swift; path = UnitTestUITestsLaunchTests.swift; sourceTree = "<group>"; };
		0F4D49DB2BC657A70063EB5C /* MathStuff.swift */ = {isa = PBXFileReference; lastKnownFileType = sourcecode.swift; path = MathStuff.swift; sourceTree = "<group>"; };
/* End PBXFileReference section */

/* Begin PBXFrameworksBuildPhase section */
		0F4D49A52BC657550063EB5C /* Frameworks */ = {
			isa = PBXFrameworksBuildPhase;
			buildActionMask = 2147483647;
			files = (
			);
			runOnlyForDeploymentPostprocessing = 0;
		};
		0F4D49BB2BC657580063EB5C /* Frameworks */ = {
			isa = PBXFrameworksBuildPhase;
			buildActionMask = 2147483647;
			files = (
			);
			runOnlyForDeploymentPostprocessing = 0;
		};
		0F4D49C52BC657580063EB5C /* Frameworks */ = {
			isa = PBXFrameworksBuildPhase;
			buildActionMask = 2147483647;
			files = (
			);
			runOnlyForDeploymentPostprocessing = 0;
		};
/* End PBXFrameworksBuildPhase section */

/* Begin PBXGroup section */
		0F4D499F2BC657550063EB5C = {
			isa = PBXGroup;
			children = (
				0F4D49AA2BC657550063EB5C /* UnitTest */,
				0F4D49C12BC657580063EB5C /* UnitTestTests */,
				0F4D49CB2BC657580063EB5C /* UnitTestUITests */,
				0F4D49A92BC657550063EB5C /* Products */,
			);
			sourceTree = "<group>";
		};
		0F4D49A92BC657550063EB5C /* Products */ = {
			isa = PBXGroup;
			children = (
				0F4D49A82BC657550063EB5C /* UnitTest.app */,
				0F4D49BE2BC657580063EB5C /* UnitTestTests.xctest */,
				0F4D49C82BC657580063EB5C /* UnitTestUITests.xctest */,
			);
			name = Products;
			sourceTree = "<group>";
		};
		0F4D49AA2BC657550063EB5C /* UnitTest */ = {
			isa = PBXGroup;
			children = (
				0F4D49AB2BC657550063EB5C /* AppDelegate.swift */,
				0F4D49AD2BC657550063EB5C /* SceneDelegate.swift */,
				0F4D49AF2BC657550063EB5C /* ViewController.swift */,
				0F4D49B12BC657550063EB5C /* Main.storyboard */,
				0F4D49B42BC657570063EB5C /* Assets.xcassets */,
				0F4D49B62BC657570063EB5C /* LaunchScreen.storyboard */,
				0F4D49B92BC657570063EB5C /* Info.plist */,
				0F4D49DB2BC657A70063EB5C /* MathStuff.swift */,
			);
			path = UnitTest;
			sourceTree = "<group>";
		};
		0F4D49C12BC657580063EB5C /* UnitTestTests */ = {
			isa = PBXGroup;
			children = (
				0F4D49C22BC657580063EB5C /* UnitTestTests.swift */,
			);
			path = UnitTestTests;
			sourceTree = "<group>";
		};
		0F4D49CB2BC657580063EB5C /* UnitTestUITests */ = {
			isa = PBXGroup;
			children = (
				0F4D49CC2BC657580063EB5C /* UnitTestUITests.swift */,
				0F4D49CE2BC657580063EB5C /* UnitTestUITestsLaunchTests.swift */,
			);
			path = UnitTestUITests;
			sourceTree = "<group>";
		};
/* End PBXGroup section */

/* Begin PBXNativeTarget section */
		0F4D49A72BC657550063EB5C /* UnitTest */ = {
			isa = PBXNativeTarget;
			buildConfigurationList = 0F4D49D22BC657580063EB5C /* Build configuration list for PBXNativeTarget "UnitTest" */;
			buildPhases = (
				0F4D49A42BC657550063EB5C /* Sources */,
				0F4D49A52BC657550063EB5C /* Frameworks */,
				0F4D49A62BC657550063EB5C /* Resources */,
			);
			buildRules = (
			);
			dependencies = (
			);
			name = UnitTest;
			productName = UnitTest;
			productReference = 0F4D49A82BC657550063EB5C /* UnitTest.app */;
			productType = "com.apple.product-type.application";
		};
		0F4D49BD2BC657580063EB5C /* UnitTestTests */ = {
			isa = PBXNativeTarget;
			buildConfigurationList = 0F4D49D52BC657580063EB5C /* Build configuration list for PBXNativeTarget "UnitTestTests" */;
			buildPhases = (
				0F4D49BA2BC657580063EB5C /* Sources */,
				0F4D49BB2BC657580063EB5C /* Frameworks */,
				0F4D49BC2BC657580063EB5C /* Resources */,
			);
			buildRules = (
			);
			dependencies = (
				0F4D49C02BC657580063EB5C /* PBXTargetDependency */,
			);
			name = UnitTestTests;
			productName = UnitTestTests;
			productReference = 0F4D49BE2BC657580063EB5C /* UnitTestTests.xctest */;
			productType = "com.apple.product-type.bundle.unit-test";
		};
		0F4D49C72BC657580063EB5C /* UnitTestUITests */ = {
			isa = PBXNativeTarget;
			buildConfigurationList = 0F4D49D82BC657580063EB5C /* Build configuration list for PBXNativeTarget "UnitTestUITests" */;
			buildPhases = (
				0F4D49C42BC657580063EB5C /* Sources */,
				0F4D49C52BC657580063EB5C /* Frameworks */,
				0F4D49C62BC657580063EB5C /* Resources */,
			);
			buildRules = (
			);
			dependencies = (
				0F4D49CA2BC657580063EB5C /* PBXTargetDependency */,
			);
			name = UnitTestUITests;
			productName = UnitTestUITests;
			productReference = 0F4D49C82BC657580063EB5C /* UnitTestUITests.xctest */;
			productType = "com.apple.product-type.bundle.ui-testing";
		};
/* End PBXNativeTarget section */

/* Begin PBXProject section */
		0F4D49A02BC657550063EB5C /* Project object */ = {
			isa = PBXProject;
			attributes = {
				BuildIndependentTargetsInParallel = 1;
				LastSwiftUpdateCheck = 1520;
				LastUpgradeCheck = 1520;
				TargetAttributes = {
					0F4D49A72BC657550063EB5C = {
						CreatedOnToolsVersion = 15.2;
					};
					0F4D49BD2BC657580063EB5C = {
						CreatedOnToolsVersion = 15.2;
						TestTargetID = 0F4D49A72BC657550063EB5C;
					};
					0F4D49C72BC657580063EB5C = {
						CreatedOnToolsVersion = 15.2;
						TestTargetID = 0F4D49A72BC657550063EB5C;
					};
				};
			};
			buildConfigurationList = 0F4D49A32BC657550063EB5C /* Build configuration list for PBXProject "UnitTest" */;
			compatibilityVersion = "Xcode 14.0";
			developmentRegion = en;
			hasScannedForEncodings = 0;
			knownRegions = (
				en,
				Base,
			);
			mainGroup = 0F4D499F2BC657550063EB5C;
			productRefGroup = 0F4D49A92BC657550063EB5C /* Products */;
			projectDirPath = "";
			projectRoot = "";
			targets = (
				0F4D49A72BC657550063EB5C /* UnitTest */,
				0F4D49BD2BC657580063EB5C /* UnitTestTests */,
				0F4D49C72BC657580063EB5C /* UnitTestUITests */,
			);
		};
/* End PBXProject section */

/* Begin PBXResourcesBuildPhase section */
		0F4D49A62BC657550063EB5C /* Resources */ = {
			isa = PBXResourcesBuildPhase;
			buildActionMask = 2147483647;
			files = (
				0F4D49B82BC657570063EB5C /* LaunchScreen.storyboard in Resources */,
				0F4D49B52BC657570063EB5C /* Assets.xcassets in Resources */,
				0F4D49B32BC657550063EB5C /* Main.storyboard in Resources */,
			);
			runOnlyForDeploymentPostprocessing = 0;
		};
		0F4D49BC2BC657580063EB5C /* Resources */ = {
			isa = PBXResourcesBuildPhase;
			buildActionMask = 2147483647;
			files = (
			);
			runOnlyForDeploymentPostprocessing = 0;
		};
		0F4D49C62BC657580063EB5C /* Resources */ = {
			isa = PBXResourcesBuildPhase;
			buildActionMask = 2147483647;
			files = (
			);
			runOnlyForDeploymentPostprocessing = 0;
		};
/* End PBXResourcesBuildPhase section */

/* Begin PBXSourcesBuildPhase section */
		0F4D49A42BC657550063EB5C /* Sources */ = {
			isa = PBXSourcesBuildPhase;
			buildActionMask = 2147483647;
			files = (
				0F4D49DC2BC657A70063EB5C /* MathStuff.swift in Sources */,
				0F4D49B02BC657550063EB5C /* ViewController.swift in Sources */,
				0F4D49AC2BC657550063EB5C /* AppDelegate.swift in Sources */,
				0F4D49AE2BC657550063EB5C /* SceneDelegate.swift in Sources */,
			);
			runOnlyForDeploymentPostprocessing = 0;
		};
		0F4D49BA2BC657580063EB5C /* Sources */ = {
			isa = PBXSourcesBuildPhase;
			buildActionMask = 2147483647;
			files = (
				0F4D49C32BC657580063EB5C /* UnitTestTests.swift in Sources */,
			);
			runOnlyForDeploymentPostprocessing = 0;
		};
		0F4D49C42BC657580063EB5C /* Sources */ = {
			isa = PBXSourcesBuildPhase;
			buildActionMask = 2147483647;
			files = (
				0F4D49CF2BC657580063EB5C /* UnitTestUITestsLaunchTests.swift in Sources */,
				0F4D49CD2BC657580063EB5C /* UnitTestUITests.swift in Sources */,
			);
			runOnlyForDeploymentPostprocessing = 0;
		};
/* End PBXSourcesBuildPhase section */

/* Begin PBXTargetDependency section */
		0F4D49C02BC657580063EB5C /* PBXTargetDependency */ = {
			isa = PBXTargetDependency;
			target = 0F4D49A72BC657550063EB5C /* UnitTest */;
			targetProxy = 0F4D49BF2BC657580063EB5C /* PBXContainerItemProxy */;
		};
		0F4D49CA2BC657580063EB5C /* PBXTargetDependency */ = {
			isa = PBXTargetDependency;
			target = 0F4D49A72BC657550063EB5C /* UnitTest */;
			targetProxy = 0F4D49C92BC657580063EB5C /* PBXContainerItemProxy */;
		};
/* End PBXTargetDependency section */

/* Begin PBXVariantGroup section */
		0F4D49B12BC657550063EB5C /* Main.storyboard */ = {
			isa = PBXVariantGroup;
			children = (
				0F4D49B22BC657550063EB5C /* Base */,
			);
			name = Main.storyboard;
			sourceTree = "<group>";
		};
		0F4D49B62BC657570063EB5C /* LaunchScreen.storyboard */ = {
			isa = PBXVariantGroup;
			children = (
				0F4D49B72BC657570063EB5C /* Base */,
			);
			name = LaunchScreen.storyboard;
			sourceTree = "<group>";
		};
/* End PBXVariantGroup section */

/* Begin XCBuildConfiguration section */
		0F4D49D02BC657580063EB5C /* Debug */ = {
			isa = XCBuildConfiguration;
			buildSettings = {
				ALWAYS_SEARCH_USER_PATHS = NO;
				ASSETCATALOG_COMPILER_GENERATE_SWIFT_ASSET_SYMBOL_EXTENSIONS = YES;
				CLANG_ANALYZER_NONNULL = YES;
				CLANG_ANALYZER_NUMBER_OBJECT_CONVERSION = YES_AGGRESSIVE;
				CLANG_CXX_LANGUAGE_STANDARD = "gnu++20";
				CLANG_ENABLE_MODULES = YES;
				CLANG_ENABLE_OBJC_ARC = YES;
				CLANG_ENABLE_OBJC_WEAK = YES;
				CLANG_WARN_BLOCK_CAPTURE_AUTORELEASING = YES;
				CLANG_WARN_BOOL_CONVERSION = YES;
				CLANG_WARN_COMMA = YES;
				CLANG_WARN_CONSTANT_CONVERSION = YES;
				CLANG_WARN_DEPRECATED_OBJC_IMPLEMENTATIONS = YES;
				CLANG_WARN_DIRECT_OBJC_ISA_USAGE = YES_ERROR;
				CLANG_WARN_DOCUMENTATION_COMMENTS = YES;
				CLANG_WARN_EMPTY_BODY = YES;
				CLANG_WARN_ENUM_CONVERSION = YES;
				CLANG_WARN_INFINITE_RECURSION = YES;
				CLANG_WARN_INT_CONVERSION = YES;
				CLANG_WARN_NON_LITERAL_NULL_CONVERSION = YES;
				CLANG_WARN_OBJC_IMPLICIT_RETAIN_SELF = YES;
				CLANG_WARN_OBJC_LITERAL_CONVERSION = YES;
				CLANG_WARN_OBJC_ROOT_CLASS = YES_ERROR;
				CLANG_WARN_QUOTED_INCLUDE_IN_FRAMEWORK_HEADER = YES;
				CLANG_WARN_RANGE_LOOP_ANALYSIS = YES;
				CLANG_WARN_STRICT_PROTOTYPES = YES;
				CLANG_WARN_SUSPICIOUS_MOVE = YES;
				CLANG_WARN_UNGUARDED_AVAILABILITY = YES_AGGRESSIVE;
				CLANG_WARN_UNREACHABLE_CODE = YES;
				CLANG_WARN__DUPLICATE_METHOD_MATCH = YES;
				COPY_PHASE_STRIP = NO;
				DEBUG_INFORMATION_FORMAT = dwarf;
				ENABLE_STRICT_OBJC_MSGSEND = YES;
				ENABLE_TESTABILITY = YES;
				ENABLE_USER_SCRIPT_SANDBOXING = YES;
				GCC_C_LANGUAGE_STANDARD = gnu17;
				GCC_DYNAMIC_NO_PIC = NO;
				GCC_NO_COMMON_BLOCKS = YES;
				GCC_OPTIMIZATION_LEVEL = 0;
				GCC_PREPROCESSOR_DEFINITIONS = (
					"DEBUG=1",
					"$(inherited)",
				);
				GCC_WARN_64_TO_32_BIT_CONVERSION = YES;
				GCC_WARN_ABOUT_RETURN_TYPE = YES_ERROR;
				GCC_WARN_UNDECLARED_SELECTOR = YES;
				GCC_WARN_UNINITIALIZED_AUTOS = YES_AGGRESSIVE;
				GCC_WARN_UNUSED_FUNCTION = YES;
				GCC_WARN_UNUSED_VARIABLE = YES;
				IPHONEOS_DEPLOYMENT_TARGET = 17.2;
				LOCALIZATION_PREFERS_STRING_CATALOGS = YES;
				MTL_ENABLE_DEBUG_INFO = INCLUDE_SOURCE;
				MTL_FAST_MATH = YES;
				ONLY_ACTIVE_ARCH = YES;
				SDKROOT = iphoneos;
				SWIFT_ACTIVE_COMPILATION_CONDITIONS = "DEBUG $(inherited)";
				SWIFT_OPTIMIZATION_LEVEL = "-Onone";
			};
			name = Debug;
		};
		0F4D49D12BC657580063EB5C /* Release */ = {
			isa = XCBuildConfiguration;
			buildSettings = {
				ALWAYS_SEARCH_USER_PATHS = NO;
				ASSETCATALOG_COMPILER_GENERATE_SWIFT_ASSET_SYMBOL_EXTENSIONS = YES;
				CLANG_ANALYZER_NONNULL = YES;
				CLANG_ANALYZER_NUMBER_OBJECT_CONVERSION = YES_AGGRESSIVE;
				CLANG_CXX_LANGUAGE_STANDARD = "gnu++20";
				CLANG_ENABLE_MODULES = YES;
				CLANG_ENABLE_OBJC_ARC = YES;
				CLANG_ENABLE_OBJC_WEAK = YES;
				CLANG_WARN_BLOCK_CAPTURE_AUTORELEASING = YES;
				CLANG_WARN_BOOL_CONVERSION = YES;
				CLANG_WARN_COMMA = YES;
				CLANG_WARN_CONSTANT_CONVERSION = YES;
				CLANG_WARN_DEPRECATED_OBJC_IMPLEMENTATIONS = YES;
				CLANG_WARN_DIRECT_OBJC_ISA_USAGE = YES_ERROR;
				CLANG_WARN_DOCUMENTATION_COMMENTS = YES;
				CLANG_WARN_EMPTY_BODY = YES;
				CLANG_WARN_ENUM_CONVERSION = YES;
				CLANG_WARN_INFINITE_RECURSION = YES;
				CLANG_WARN_INT_CONVERSION = YES;
				CLANG_WARN_NON_LITERAL_NULL_CONVERSION = YES;
				CLANG_WARN_OBJC_IMPLICIT_RETAIN_SELF = YES;
				CLANG_WARN_OBJC_LITERAL_CONVERSION = YES;
				CLANG_WARN_OBJC_ROOT_CLASS = YES_ERROR;
				CLANG_WARN_QUOTED_INCLUDE_IN_FRAMEWORK_HEADER = YES;
				CLANG_WARN_RANGE_LOOP_ANALYSIS = YES;
				CLANG_WARN_STRICT_PROTOTYPES = YES;
				CLANG_WARN_SUSPICIOUS_MOVE = YES;
				CLANG_WARN_UNGUARDED_AVAILABILITY = YES_AGGRESSIVE;
				CLANG_WARN_UNREACHABLE_CODE = YES;
				CLANG_WARN__DUPLICATE_METHOD_MATCH = YES;
				COPY_PHASE_STRIP = NO;
				DEBUG_INFORMATION_FORMAT = "dwarf-with-dsym";
				ENABLE_NS_ASSERTIONS = NO;
				ENABLE_STRICT_OBJC_MSGSEND = YES;
				ENABLE_USER_SCRIPT_SANDBOXING = YES;
				GCC_C_LANGUAGE_STANDARD = gnu17;
				GCC_NO_COMMON_BLOCKS = YES;
				GCC_WARN_64_TO_32_BIT_CONVERSION = YES;
				GCC_WARN_ABOUT_RETURN_TYPE = YES_ERROR;
				GCC_WARN_UNDECLARED_SELECTOR = YES;
				GCC_WARN_UNINITIALIZED_AUTOS = YES_AGGRESSIVE;
				GCC_WARN_UNUSED_FUNCTION = YES;
				GCC_WARN_UNUSED_VARIABLE = YES;
				IPHONEOS_DEPLOYMENT_TARGET = 17.2;
				LOCALIZATION_PREFERS_STRING_CATALOGS = YES;
				MTL_ENABLE_DEBUG_INFO = NO;
				MTL_FAST_MATH = YES;
				SDKROOT = iphoneos;
				SWIFT_COMPILATION_MODE = wholemodule;
				VALIDATE_PRODUCT = YES;
			};
			name = Release;
		};
		0F4D49D32BC657580063EB5C /* Debug */ = {
			isa = XCBuildConfiguration;
			buildSettings = {
				ASSETCATALOG_COMPILER_APPICON_NAME = AppIcon;
				ASSETCATALOG_COMPILER_GLOBAL_ACCENT_COLOR_NAME = AccentColor;
				CODE_SIGN_STYLE = Automatic;
				CURRENT_PROJECT_VERSION = 1;
				DEVELOPMENT_TEAM = UPHGSM79H9;
				GENERATE_INFOPLIST_FILE = YES;
				INFOPLIST_FILE = UnitTest/Info.plist;
				INFOPLIST_KEY_UIApplicationSupportsIndirectInputEvents = YES;
				INFOPLIST_KEY_UILaunchStoryboardName = LaunchScreen;
				INFOPLIST_KEY_UIMainStoryboardFile = Main;
				INFOPLIST_KEY_UISupportedInterfaceOrientations_iPad = "UIInterfaceOrientationPortrait UIInterfaceOrientationPortraitUpsideDown UIInterfaceOrientationLandscapeLeft UIInterfaceOrientationLandscapeRight";
				INFOPLIST_KEY_UISupportedInterfaceOrientations_iPhone = "UIInterfaceOrientationPortrait UIInterfaceOrientationLandscapeLeft UIInterfaceOrientationLandscapeRight";
				LD_RUNPATH_SEARCH_PATHS = (
					"$(inherited)",
					"@executable_path/Frameworks",
				);
				MARKETING_VERSION = 1.0;
				PRODUCT_BUNDLE_IDENTIFIER = com.project.UnitTest;
				PRODUCT_NAME = "$(TARGET_NAME)";
				SWIFT_EMIT_LOC_STRINGS = YES;
				SWIFT_VERSION = 5.0;
				TARGETED_DEVICE_FAMILY = "1,2";
			};
			name = Debug;
		};
		0F4D49D42BC657580063EB5C /* Release */ = {
			isa = XCBuildConfiguration;
			buildSettings = {
				ASSETCATALOG_COMPILER_APPICON_NAME = AppIcon;
				ASSETCATALOG_COMPILER_GLOBAL_ACCENT_COLOR_NAME = AccentColor;
				CODE_SIGN_STYLE = Automatic;
				CURRENT_PROJECT_VERSION = 1;
				DEVELOPMENT_TEAM = UPHGSM79H9;
				GENERATE_INFOPLIST_FILE = YES;
				INFOPLIST_FILE = UnitTest/Info.plist;
				INFOPLIST_KEY_UIApplicationSupportsIndirectInputEvents = YES;
				INFOPLIST_KEY_UILaunchStoryboardName = LaunchScreen;
				INFOPLIST_KEY_UIMainStoryboardFile = Main;
				INFOPLIST_KEY_UISupportedInterfaceOrientations_iPad = "UIInterfaceOrientationPortrait UIInterfaceOrientationPortraitUpsideDown UIInterfaceOrientationLandscapeLeft UIInterfaceOrientationLandscapeRight";
				INFOPLIST_KEY_UISupportedInterfaceOrientations_iPhone = "UIInterfaceOrientationPortrait UIInterfaceOrientationLandscapeLeft UIInterfaceOrientationLandscapeRight";
				LD_RUNPATH_SEARCH_PATHS = (
					"$(inherited)",
					"@executable_path/Frameworks",
				);
				MARKETING_VERSION = 1.0;
				PRODUCT_BUNDLE_IDENTIFIER = com.project.UnitTest;
				PRODUCT_NAME = "$(TARGET_NAME)";
				SWIFT_EMIT_LOC_STRINGS = YES;
				SWIFT_VERSION = 5.0;
				TARGETED_DEVICE_FAMILY = "1,2";
			};
			name = Release;
		};
		0F4D49D62BC657580063EB5C /* Debug */ = {
			isa = XCBuildConfiguration;
			buildSettings = {
				ALWAYS_EMBED_SWIFT_STANDARD_LIBRARIES = YES;
				BUNDLE_LOADER = "$(TEST_HOST)";
				CODE_SIGN_STYLE = Automatic;
				CURRENT_PROJECT_VERSION = 1;
				DEVELOPMENT_TEAM = UPHGSM79H9;
				GENERATE_INFOPLIST_FILE = YES;
				IPHONEOS_DEPLOYMENT_TARGET = 17.2;
				MARKETING_VERSION = 1.0;
				PRODUCT_BUNDLE_IDENTIFIER = com.project.UnitTestTests;
				PRODUCT_NAME = "$(TARGET_NAME)";
				SWIFT_EMIT_LOC_STRINGS = NO;
				SWIFT_VERSION = 5.0;
				TARGETED_DEVICE_FAMILY = "1,2";
				TEST_HOST = "$(BUILT_PRODUCTS_DIR)/UnitTest.app/$(BUNDLE_EXECUTABLE_FOLDER_PATH)/UnitTest";
			};
			name = Debug;
		};
		0F4D49D72BC657580063EB5C /* Release */ = {
			isa = XCBuildConfiguration;
			buildSettings = {
				ALWAYS_EMBED_SWIFT_STANDARD_LIBRARIES = YES;
				BUNDLE_LOADER = "$(TEST_HOST)";
				CODE_SIGN_STYLE = Automatic;
				CURRENT_PROJECT_VERSION = 1;
				DEVELOPMENT_TEAM = UPHGSM79H9;
				GENERATE_INFOPLIST_FILE = YES;
				IPHONEOS_DEPLOYMENT_TARGET = 17.2;
				MARKETING_VERSION = 1.0;
				PRODUCT_BUNDLE_IDENTIFIER = com.project.UnitTestTests;
				PRODUCT_NAME = "$(TARGET_NAME)";
				SWIFT_EMIT_LOC_STRINGS = NO;
				SWIFT_VERSION = 5.0;
				TARGETED_DEVICE_FAMILY = "1,2";
				TEST_HOST = "$(BUILT_PRODUCTS_DIR)/UnitTest.app/$(BUNDLE_EXECUTABLE_FOLDER_PATH)/UnitTest";
			};
			name = Release;
		};
		0F4D49D92BC657580063EB5C /* Debug */ = {
			isa = XCBuildConfiguration;
			buildSettings = {
				ALWAYS_EMBED_SWIFT_STANDARD_LIBRARIES = YES;
				CODE_SIGN_STYLE = Automatic;
				CURRENT_PROJECT_VERSION = 1;
				DEVELOPMENT_TEAM = UPHGSM79H9;
				GENERATE_INFOPLIST_FILE = YES;
				MARKETING_VERSION = 1.0;
				PRODUCT_BUNDLE_IDENTIFIER = com.project.UnitTestUITests;
				PRODUCT_NAME = "$(TARGET_NAME)";
				SWIFT_EMIT_LOC_STRINGS = NO;
				SWIFT_VERSION = 5.0;
				TARGETED_DEVICE_FAMILY = "1,2";
				TEST_TARGET_NAME = UnitTest;
			};
			name = Debug;
		};
		0F4D49DA2BC657580063EB5C /* Release */ = {
			isa = XCBuildConfiguration;
			buildSettings = {
				ALWAYS_EMBED_SWIFT_STANDARD_LIBRARIES = YES;
				CODE_SIGN_STYLE = Automatic;
				CURRENT_PROJECT_VERSION = 1;
				DEVELOPMENT_TEAM = UPHGSM79H9;
				GENERATE_INFOPLIST_FILE = YES;
				MARKETING_VERSION = 1.0;
				PRODUCT_BUNDLE_IDENTIFIER = com.project.UnitTestUITests;
				PRODUCT_NAME = "$(TARGET_NAME)";
				SWIFT_EMIT_LOC_STRINGS = NO;
				SWIFT_VERSION = 5.0;
				TARGETED_DEVICE_FAMILY = "1,2";
				TEST_TARGET_NAME = UnitTest;
			};
			name = Release;
		};
/* End XCBuildConfiguration section */

/* Begin XCConfigurationList section */
		0F4D49A32BC657550063EB5C /* Build configuration list for PBXProject "UnitTest" */ = {
			isa = XCConfigurationList;
			buildConfigurations = (
				0F4D49D02BC657580063EB5C /* Debug */,
				0F4D49D12BC657580063EB5C /* Release */,
			);
			defaultConfigurationIsVisible = 0;
			defaultConfigurationName = Release;
		};
		0F4D49D22BC657580063EB5C /* Build configuration list for PBXNativeTarget "UnitTest" */ = {
			isa = XCConfigurationList;
			buildConfigurations = (
				0F4D49D32BC657580063EB5C /* Debug */,
				0F4D49D42BC657580063EB5C /* Release */,
			);
			defaultConfigurationIsVisible = 0;
			defaultConfigurationName = Release;
		};
		0F4D49D52BC657580063EB5C /* Build configuration list for PBXNativeTarget "UnitTestTests" */ = {
			isa = XCConfigurationList;
			buildConfigurations = (
				0F4D49D62BC657580063EB5C /* Debug */,
				0F4D49D72BC657580063EB5C /* Release */,
			);
			defaultConfigurationIsVisible = 0;
			defaultConfigurationName = Release;
		};
		0F4D49D82BC657580063EB5C /* Build configuration list for PBXNativeTarget "UnitTestUITests" */ = {
			isa = XCConfigurationList;
			buildConfigurations = (
				0F4D49D92BC657580063EB5C /* Debug */,
				0F4D49DA2BC657580063EB5C /* Release */,
			);
			defaultConfigurationIsVisible = 0;
			defaultConfigurationName = Release;
		};
/* End XCConfigurationList section */
	};
	rootObject = 0F4D49A02BC657550063EB5C /* Project object */;
}
